# THIS IS AN AUTOGENERATED FILE. DO NOT EDIT THIS FILE DIRECTLY.
# yarn lockfile v1


"@bit/good-monday.test.sidebar@^0.0.4":
  version "0.0.4"
  resolved "https://node.bit.dev/good-monday.test.sidebar/-/good-monday.test.sidebar-0.0.4.tgz#26c77ebd1f364f55b1de0f7c0199d3677f12bc92"
  integrity sha1-Jsd+vR82T1Wx3g98AZnTZ38SvJI=
